
Microsoft Visual Studio Solution File, Format Version 12.00
# Visual Studio Version 17
VisualStudioVersion = 17.11.35219.272
MinimumVisualStudioVersion = 10.0.40219.1
Project("{FAE04EC0-301F-11D3-BF4B-00C04F79EFBC}") = "Fall2024-Assignment2-wcmorrow2", "Fall2024-Assignment2-wcmorrow2\Fall2024-Assignment2-wcmorrow2.csproj", "{C98329AC-9C4D-4D84-8602-C569E4DD3D38}"
EndProject
Global
	GlobalSection(SolutionConfigurationPlatforms) = preSolution
		Debug|Any CPU = Debug|Any CPU
		Release|Any CPU = Release|Any CPU
	EndGlobalSection
	GlobalSection(ProjectConfigurationPlatforms) = postSolution
		{C98329AC-9C4D-4D84-8602-C569E4DD3D38}.Debug|Any CPU.ActiveCfg = Debug|Any CPU
		{C98329AC-9C4D-4D84-8602-C569E4DD3D38}.Debug|Any CPU.Build.0 = Debug|Any CPU
		{C98329AC-9C4D-4D84-8602-C569E4DD3D38}.Release|Any CPU.ActiveCfg = Release|Any CPU
		{C98329AC-9C4D-4D84-8602-C569E4DD3D38}.Release|Any CPU.Build.0 = Release|Any CPU
	EndGlobalSection
	GlobalSection(SolutionProperties) = preSolution
		HideSolutionNode = FALSE
	EndGlobalSection
	GlobalSection(ExtensibilityGlobals) = postSolution
		SolutionGuid = {E13789E7-5750-403F-872B-B872FE1516DC}
	EndGlobalSection
EndGlobal
